
Microsoft Visual Studio Solution File, Format Version 12.00
# Visual Studio Version 17
VisualStudioVersion = 17.13.35931.197 d17.13
MinimumVisualStudioVersion = 10.0.40219.1
Project("{FAE04EC0-301F-11D3-BF4B-00C04F79EFBC}") = "appweb001", "appweb001\appweb001.csproj", "{C5CFC99E-32CB-4222-8B13-41E5951340BB}"
EndProject
Global
	GlobalSection(SolutionConfigurationPlatforms) = preSolution
		Debug|Any CPU = Debug|Any CPU
		Release|Any CPU = Release|Any CPU
	EndGlobalSection
	GlobalSection(ProjectConfigurationPlatforms) = postSolution
		{C5CFC99E-32CB-4222-8B13-41E5951340BB}.Debug|Any CPU.ActiveCfg = Debug|Any CPU
		{C5CFC99E-32CB-4222-8B13-41E5951340BB}.Debug|Any CPU.Build.0 = Debug|Any CPU
		{C5CFC99E-32CB-4222-8B13-41E5951340BB}.Release|Any CPU.ActiveCfg = Release|Any CPU
		{C5CFC99E-32CB-4222-8B13-41E5951340BB}.Release|Any CPU.Build.0 = Release|Any CPU
	EndGlobalSection
	GlobalSection(SolutionProperties) = preSolution
		HideSolutionNode = FALSE
	EndGlobalSection
	GlobalSection(ExtensibilityGlobals) = postSolution
		SolutionGuid = {416FC8ED-F48D-418D-969A-D113C93A366C}
	EndGlobalSection
EndGlobal
